{
  "R": {
    "Version": "4.4.0",
    "Repositories": [
      {
        "Name": "CRAN",
        "URL": "https://cloud.r-project.org"
      },
      {
        "Name": "Bioconductor",
        "URL": "https://bioconductor.org/packages/3.19/bioc"
      }
    ]
  },
  "Packages": {
    "data.table": {
      "Package": "data.table",
      "Version": "1.15.4",
      "Source": "Repository",
      "Repository": "CRAN",
      "Hash": "placeholder"
    },
    "arrow": {
      "Package": "arrow",
      "Version": "14.0.2.1",
      "Source": "Repository",
      "Repository": "CRAN",
      "Hash": "placeholder"
    },
    "ggplot2": {
      "Package": "ggplot2",
      "Version": "3.5.1",
      "Source": "Repository",
      "Repository": "CRAN",
      "Hash": "placeholder"
    },
    "limma": {
      "Package": "limma",
      "Version": "3.58.1",
      "Source": "Bioconductor",
      "Repository": "Bioconductor",
      "Hash": "placeholder"
    },
    "digest": {
      "Package": "digest",
      "Version": "0.6.35",
      "Source": "Repository",
      "Repository": "CRAN",
      "Hash": "placeholder"
    },
    "fs": {
      "Package": "fs",
      "Version": "1.6.4",
      "Source": "Repository",
      "Repository": "CRAN",
      "Hash": "placeholder"
    },
    "jsonlite": {
      "Package": "jsonlite",
      "Version": "1.8.8",
      "Source": "Repository",
      "Repository": "CRAN",
      "Hash": "placeholder"
    },
    "logger": {
      "Package": "logger",
      "Version": "0.3.0",
      "Source": "Repository",
      "Repository": "CRAN",
      "Hash": "placeholder"
    },
    "yaml": {
      "Package": "yaml",
      "Version": "2.3.8",
      "Source": "Repository",
      "Repository": "CRAN",
      "Hash": "placeholder"
    },
    "dplyr": {
      "Package": "dplyr",
      "Version": "1.1.4",
      "Source": "Repository",
      "Repository": "CRAN",
      "Hash": "placeholder"
    },
    "tidyr": {
      "Package": "tidyr",
      "Version": "1.3.1",
      "Source": "Repository",
      "Repository": "CRAN",
      "Hash": "placeholder"
    },
    "openxlsx2": {
      "Package": "openxlsx2",
      "Version": "1.4",
      "Source": "Repository",
      "Repository": "CRAN",
      "Hash": "placeholder"
    },
    "officer": {
      "Package": "officer",
      "Version": "0.6.6",
      "Source": "Repository",
      "Repository": "CRAN",
      "Hash": "placeholder"
    },
    "flextable": {
      "Package": "flextable",
      "Version": "0.9.6",
      "Source": "Repository",
      "Repository": "CRAN",
      "Hash": "placeholder"
    },
    "ggrepel": {
      "Package": "ggrepel",
      "Version": "0.9.5",
      "Source": "Repository",
      "Repository": "CRAN",
      "Hash": "placeholder"
    },
    "patchwork": {
      "Package": "patchwork",
      "Version": "1.2.0",
      "Source": "Repository",
      "Repository": "CRAN",
      "Hash": "placeholder"
    }
  }
}
